// !$*UTF8*$!
{
	archiveVersion = 1;
	classes = {
	};
	objectVersion = 56;
	objects = {

/* Begin PBXBuildFile section */
		4B1F8EAC2C72E29300A365BB /* zoom_monitoring_app_iosApp.swift in Sources */ = {isa = PBXBuildFile; fileRef = 4B1F8EAB2C72E29300A365BB /* zoom_monitoring_app_iosApp.swift */; };
		4B1F8EAE2C72E29300A365BB /* ContentView.swift in Sources */ = {isa = PBXBuildFile; fileRef = 4B1F8EAD2C72E29300A365BB /* ContentView.swift */; };
		4B1F8EB02C72E29400A365BB /* Assets.xcassets in Resources */ = {isa = PBXBuildFile; fileRef = 4B1F8EAF2C72E29400A365BB /* Assets.xcassets */; };
		4B1F8EB32C72E29400A365BB /* Preview Assets.xcassets in Resources */ = {isa = PBXBuildFile; fileRef = 4B1F8EB22C72E29400A365BB /* Preview Assets.xcassets */; };
		4B1F8EBD2C72E29400A365BB /* zoom_monitoring_app_iosTests.swift in Sources */ = {isa = PBXBuildFile; fileRef = 4B1F8EBC2C72E29400A365BB /* zoom_monitoring_app_iosTests.swift */; };
		4B1F8EC72C72E29400A365BB /* zoom_monitoring_app_iosUITests.swift in Sources */ = {isa = PBXBuildFile; fileRef = 4B1F8EC62C72E29400A365BB /* zoom_monitoring_app_iosUITests.swift */; };
		4B1F8EC92C72E29400A365BB /* zoom_monitoring_app_iosUITestsLaunchTests.swift in Sources */ = {isa = PBXBuildFile; fileRef = 4B1F8EC82C72E29400A365BB /* zoom_monitoring_app_iosUITestsLaunchTests.swift */; };
/* End PBXBuildFile section */

/* Begin PBXContainerItemProxy section */
		4B1F8EB92C72E29400A365BB /* PBXContainerItemProxy */ = {
			isa = PBXContainerItemProxy;
			containerPortal = 4B1F8EA02C72E29300A365BB /* Project object */;
			proxyType = 1;
			remoteGlobalIDString = 4B1F8EA72C72E29300A365BB;
			remoteInfo = "zoom-monitoring-app-ios";
		};
		4B1F8EC32C72E29400A365BB /* PBXContainerItemProxy */ = {
			isa = PBXContainerItemProxy;
			containerPortal = 4B1F8EA02C72E29300A365BB /* Project object */;
			proxyType = 1;
			remoteGlobalIDString = 4B1F8EA72C72E29300A365BB;
			remoteInfo = "zoom-monitoring-app-ios";
		};
/* End PBXContainerItemProxy section */

/* Begin PBXFileReference section */
		4B1F8EA82C72E29300A365BB /* zoom-monitoring-app-ios.app */ = {isa = PBXFileReference; explicitFileType = wrapper.application; includeInIndex = 0; path = "zoom-monitoring-app-ios.app"; sourceTree = BUILT_PRODUCTS_DIR; };
		4B1F8EAB2C72E29300A365BB /* zoom_monitoring_app_iosApp.swift */ = {isa = PBXFileReference; lastKnownFileType = sourcecode.swift; path = zoom_monitoring_app_iosApp.swift; sourceTree = "<group>"; };
		4B1F8EAD2C72E29300A365BB /* ContentView.swift */ = {isa = PBXFileReference; lastKnownFileType = sourcecode.swift; path = ContentView.swift; sourceTree = "<group>"; };
		4B1F8EAF2C72E29400A365BB /* Assets.xcassets */ = {isa = PBXFileReference; lastKnownFileType = folder.assetcatalog; path = Assets.xcassets; sourceTree = "<group>"; };
		4B1F8EB22C72E29400A365BB /* Preview Assets.xcassets */ = {isa = PBXFileReference; lastKnownFileType = folder.assetcatalog; path = "Preview Assets.xcassets"; sourceTree = "<group>"; };
		4B1F8EB82C72E29400A365BB /* zoom-monitoring-app-iosTests.xctest */ = {isa = PBXFileReference; explicitFileType = wrapper.cfbundle; includeInIndex = 0; path = "zoom-monitoring-app-iosTests.xctest"; sourceTree = BUILT_PRODUCTS_DIR; };
		4B1F8EBC2C72E29400A365BB /* zoom_monitoring_app_iosTests.swift */ = {isa = PBXFileReference; lastKnownFileType = sourcecode.swift; path = zoom_monitoring_app_iosTests.swift; sourceTree = "<group>"; };
		4B1F8EC22C72E29400A365BB /* zoom-monitoring-app-iosUITests.xctest */ = {isa = PBXFileReference; explicitFileType = wrapper.cfbundle; includeInIndex = 0; path = "zoom-monitoring-app-iosUITests.xctest"; sourceTree = BUILT_PRODUCTS_DIR; };
		4B1F8EC62C72E29400A365BB /* zoom_monitoring_app_iosUITests.swift */ = {isa = PBXFileReference; lastKnownFileType = sourcecode.swift; path = zoom_monitoring_app_iosUITests.swift; sourceTree = "<group>"; };
		4B1F8EC82C72E29400A365BB /* zoom_monitoring_app_iosUITestsLaunchTests.swift */ = {isa = PBXFileReference; lastKnownFileType = sourcecode.swift; path = zoom_monitoring_app_iosUITestsLaunchTests.swift; sourceTree = "<group>"; };
/* End PBXFileReference section */

/* Begin PBXFrameworksBuildPhase section */
		4B1F8EA52C72E29300A365BB /* Frameworks */ = {
			isa = PBXFrameworksBuildPhase;
			buildActionMask = 2147483647;
			files = (
			);
			runOnlyForDeploymentPostprocessing = 0;
		};
		4B1F8EB52C72E29400A365BB /* Frameworks */ = {
			isa = PBXFrameworksBuildPhase;
			buildActionMask = 2147483647;
			files = (
			);
			runOnlyForDeploymentPostprocessing = 0;
		};
		4B1F8EBF2C72E29400A365BB /* Frameworks */ = {
			isa = PBXFrameworksBuildPhase;
			buildActionMask = 2147483647;
			files = (
			);
			runOnlyForDeploymentPostprocessing = 0;
		};
/* End PBXFrameworksBuildPhase section */

/* Begin PBXGroup section */
		4B1F8E9F2C72E29300A365BB = {
			isa = PBXGroup;
			children = (
				4B1F8EAA2C72E29300A365BB /* zoom-monitoring-app-ios */,
				4B1F8EBB2C72E29400A365BB /* zoom-monitoring-app-iosTests */,
				4B1F8EC52C72E29400A365BB /* zoom-monitoring-app-iosUITests */,
				4B1F8EA92C72E29300A365BB /* Products */,
			);
			sourceTree = "<group>";
		};
		4B1F8EA92C72E29300A365BB /* Products */ = {
			isa = PBXGroup;
			children = (
				4B1F8EA82C72E29300A365BB /* zoom-monitoring-app-ios.app */,
				4B1F8EB82C72E29400A365BB /* zoom-monitoring-app-iosTests.xctest */,
				4B1F8EC22C72E29400A365BB /* zoom-monitoring-app-iosUITests.xctest */,
			);
			name = Products;
			sourceTree = "<group>";
		};
		4B1F8EAA2C72E29300A365BB /* zoom-monitoring-app-ios */ = {
			isa = PBXGroup;
			children = (
				4B1F8EAB2C72E29300A365BB /* zoom_monitoring_app_iosApp.swift */,
				4B1F8EAD2C72E29300A365BB /* ContentView.swift */,
				4B1F8EAF2C72E29400A365BB /* Assets.xcassets */,
				4B1F8EB12C72E29400A365BB /* Preview Content */,
			);
			path = "zoom-monitoring-app-ios";
			sourceTree = "<group>";
		};
		4B1F8EB12C72E29400A365BB /* Preview Content */ = {
			isa = PBXGroup;
			children = (
				4B1F8EB22C72E29400A365BB /* Preview Assets.xcassets */,
			);
			path = "Preview Content";
			sourceTree = "<group>";
		};
		4B1F8EBB2C72E29400A365BB /* zoom-monitoring-app-iosTests */ = {
			isa = PBXGroup;
			children = (
				4B1F8EBC2C72E29400A365BB /* zoom_monitoring_app_iosTests.swift */,
			);
			path = "zoom-monitoring-app-iosTests";
			sourceTree = "<group>";
		};
		4B1F8EC52C72E29400A365BB /* zoom-monitoring-app-iosUITests */ = {
			isa = PBXGroup;
			children = (
				4B1F8EC62C72E29400A365BB /* zoom_monitoring_app_iosUITests.swift */,
				4B1F8EC82C72E29400A365BB /* zoom_monitoring_app_iosUITestsLaunchTests.swift */,
			);
			path = "zoom-monitoring-app-iosUITests";
			sourceTree = "<group>";
		};
/* End PBXGroup section */

/* Begin PBXNativeTarget section */
		4B1F8EA72C72E29300A365BB /* zoom-monitoring-app-ios */ = {
			isa = PBXNativeTarget;
			buildConfigurationList = 4B1F8ECC2C72E29400A365BB /* Build configuration list for PBXNativeTarget "zoom-monitoring-app-ios" */;
			buildPhases = (
				4B1F8EA42C72E29300A365BB /* Sources */,
				4B1F8EA52C72E29300A365BB /* Frameworks */,
				4B1F8EA62C72E29300A365BB /* Resources */,
			);
			buildRules = (
			);
			dependencies = (
			);
			name = "zoom-monitoring-app-ios";
			productName = "zoom-monitoring-app-ios";
			productReference = 4B1F8EA82C72E29300A365BB /* zoom-monitoring-app-ios.app */;
			productType = "com.apple.product-type.application";
		};
		4B1F8EB72C72E29400A365BB /* zoom-monitoring-app-iosTests */ = {
			isa = PBXNativeTarget;
			buildConfigurationList = 4B1F8ECF2C72E29400A365BB /* Build configuration list for PBXNativeTarget "zoom-monitoring-app-iosTests" */;
			buildPhases = (
				4B1F8EB42C72E29400A365BB /* Sources */,
				4B1F8EB52C72E29400A365BB /* Frameworks */,
				4B1F8EB62C72E29400A365BB /* Resources */,
			);
			buildRules = (
			);
			dependencies = (
				4B1F8EBA2C72E29400A365BB /* PBXTargetDependency */,
			);
			name = "zoom-monitoring-app-iosTests";
			productName = "zoom-monitoring-app-iosTests";
			productReference = 4B1F8EB82C72E29400A365BB /* zoom-monitoring-app-iosTests.xctest */;
			productType = "com.apple.product-type.bundle.unit-test";
		};
		4B1F8EC12C72E29400A365BB /* zoom-monitoring-app-iosUITests */ = {
			isa = PBXNativeTarget;
			buildConfigurationList = 4B1F8ED22C72E29400A365BB /* Build configuration list for PBXNativeTarget "zoom-monitoring-app-iosUITests" */;
			buildPhases = (
				4B1F8EBE2C72E29400A365BB /* Sources */,
				4B1F8EBF2C72E29400A365BB /* Frameworks */,
				4B1F8EC02C72E29400A365BB /* Resources */,
			);
			buildRules = (
			);
			dependencies = (
				4B1F8EC42C72E29400A365BB /* PBXTargetDependency */,
			);
			name = "zoom-monitoring-app-iosUITests";
			productName = "zoom-monitoring-app-iosUITests";
			productReference = 4B1F8EC22C72E29400A365BB /* zoom-monitoring-app-iosUITests.xctest */;
			productType = "com.apple.product-type.bundle.ui-testing";
		};
/* End PBXNativeTarget section */

/* Begin PBXProject section */
		4B1F8EA02C72E29300A365BB /* Project object */ = {
			isa = PBXProject;
			attributes = {
				BuildIndependentTargetsInParallel = 1;
				LastSwiftUpdateCheck = 1540;
				LastUpgradeCheck = 1540;
				TargetAttributes = {
					4B1F8EA72C72E29300A365BB = {
						CreatedOnToolsVersion = 15.4;
					};
					4B1F8EB72C72E29400A365BB = {
						CreatedOnToolsVersion = 15.4;
						TestTargetID = 4B1F8EA72C72E29300A365BB;
					};
					4B1F8EC12C72E29400A365BB = {
						CreatedOnToolsVersion = 15.4;
						TestTargetID = 4B1F8EA72C72E29300A365BB;
					};
				};
			};
			buildConfigurationList = 4B1F8EA32C72E29300A365BB /* Build configuration list for PBXProject "zoom-monitoring-app-ios" */;
			compatibilityVersion = "Xcode 14.0";
			developmentRegion = en;
			hasScannedForEncodings = 0;
			knownRegions = (
				en,
				Base,
			);
			mainGroup = 4B1F8E9F2C72E29300A365BB;
			productRefGroup = 4B1F8EA92C72E29300A365BB /* Products */;
			projectDirPath = "";
			projectRoot = "";
			targets = (
				4B1F8EA72C72E29300A365BB /* zoom-monitoring-app-ios */,
				4B1F8EB72C72E29400A365BB /* zoom-monitoring-app-iosTests */,
				4B1F8EC12C72E29400A365BB /* zoom-monitoring-app-iosUITests */,
			);
		};
/* End PBXProject section */

/* Begin PBXResourcesBuildPhase section */
		4B1F8EA62C72E29300A365BB /* Resources */ = {
			isa = PBXResourcesBuildPhase;
			buildActionMask = 2147483647;
			files = (
				4B1F8EB32C72E29400A365BB /* Preview Assets.xcassets in Resources */,
				4B1F8EB02C72E29400A365BB /* Assets.xcassets in Resources */,
			);
			runOnlyForDeploymentPostprocessing = 0;
		};
		4B1F8EB62C72E29400A365BB /* Resources */ = {
			isa = PBXResourcesBuildPhase;
			buildActionMask = 2147483647;
			files = (
			);
			runOnlyForDeploymentPostprocessing = 0;
		};
		4B1F8EC02C72E29400A365BB /* Resources */ = {
			isa = PBXResourcesBuildPhase;
			buildActionMask = 2147483647;
			files = (
			);
			runOnlyForDeploymentPostprocessing = 0;
		};
/* End PBXResourcesBuildPhase section */

/* Begin PBXSourcesBuildPhase section */
		4B1F8EA42C72E29300A365BB /* Sources */ = {
			isa = PBXSourcesBuildPhase;
			buildActionMask = 2147483647;
			files = (
				4B1F8EAE2C72E29300A365BB /* ContentView.swift in Sources */,
				4B1F8EAC2C72E29300A365BB /* zoom_monitoring_app_iosApp.swift in Sources */,
			);
			runOnlyForDeploymentPostprocessing = 0;
		};
		4B1F8EB42C72E29400A365BB /* Sources */ = {
			isa = PBXSourcesBuildPhase;
			buildActionMask = 2147483647;
			files = (
				4B1F8EBD2C72E29400A365BB /* zoom_monitoring_app_iosTests.swift in Sources */,
			);
			runOnlyForDeploymentPostprocessing = 0;
		};
		4B1F8EBE2C72E29400A365BB /* Sources */ = {
			isa = PBXSourcesBuildPhase;
			buildActionMask = 2147483647;
			files = (
				4B1F8EC72C72E29400A365BB /* zoom_monitoring_app_iosUITests.swift in Sources */,
				4B1F8EC92C72E29400A365BB /* zoom_monitoring_app_iosUITestsLaunchTests.swift in Sources */,
			);
			runOnlyForDeploymentPostprocessing = 0;
		};
/* End PBXSourcesBuildPhase section */

/* Begin PBXTargetDependency section */
		4B1F8EBA2C72E29400A365BB /* PBXTargetDependency */ = {
			isa = PBXTargetDependency;
			target = 4B1F8EA72C72E29300A365BB /* zoom-monitoring-app-ios */;
			targetProxy = 4B1F8EB92C72E29400A365BB /* PBXContainerItemProxy */;
		};
		4B1F8EC42C72E29400A365BB /* PBXTargetDependency */ = {
			isa = PBXTargetDependency;
			target = 4B1F8EA72C72E29300A365BB /* zoom-monitoring-app-ios */;
			targetProxy = 4B1F8EC32C72E29400A365BB /* PBXContainerItemProxy */;
		};
/* End PBXTargetDependency section */

/* Begin XCBuildConfiguration section */
		4B1F8ECA2C72E29400A365BB /* Debug */ = {
			isa = XCBuildConfiguration;
			buildSettings = {
				ALWAYS_SEARCH_USER_PATHS = NO;
				ASSETCATALOG_COMPILER_GENERATE_SWIFT_ASSET_SYMBOL_EXTENSIONS = YES;
				CLANG_ANALYZER_NONNULL = YES;
				CLANG_ANALYZER_NUMBER_OBJECT_CONVERSION = YES_AGGRESSIVE;
				CLANG_CXX_LANGUAGE_STANDARD = "gnu++20";
				CLANG_ENABLE_MODULES = YES;
				CLANG_ENABLE_OBJC_ARC = YES;
				CLANG_ENABLE_OBJC_WEAK = YES;
				CLANG_WARN_BLOCK_CAPTURE_AUTORELEASING = YES;
				CLANG_WARN_BOOL_CONVERSION = YES;
				CLANG_WARN_COMMA = YES;
				CLANG_WARN_CONSTANT_CONVERSION = YES;
				CLANG_WARN_DEPRECATED_OBJC_IMPLEMENTATIONS = YES;
				CLANG_WARN_DIRECT_OBJC_ISA_USAGE = YES_ERROR;
				CLANG_WARN_DOCUMENTATION_COMMENTS = YES;
				CLANG_WARN_EMPTY_BODY = YES;
				CLANG_WARN_ENUM_CONVERSION = YES;
				CLANG_WARN_INFINITE_RECURSION = YES;
				CLANG_WARN_INT_CONVERSION = YES;
				CLANG_WARN_NON_LITERAL_NULL_CONVERSION = YES;
				CLANG_WARN_OBJC_IMPLICIT_RETAIN_SELF = YES;
				CLANG_WARN_OBJC_LITERAL_CONVERSION = YES;
				CLANG_WARN_OBJC_ROOT_CLASS = YES_ERROR;
				CLANG_WARN_QUOTED_INCLUDE_IN_FRAMEWORK_HEADER = YES;
				CLANG_WARN_RANGE_LOOP_ANALYSIS = YES;
				CLANG_WARN_STRICT_PROTOTYPES = YES;
				CLANG_WARN_SUSPICIOUS_MOVE = YES;
				CLANG_WARN_UNGUARDED_AVAILABILITY = YES_AGGRESSIVE;
				CLANG_WARN_UNREACHABLE_CODE = YES;
				CLANG_WARN__DUPLICATE_METHOD_MATCH = YES;
				COPY_PHASE_STRIP = NO;
				DEBUG_INFORMATION_FORMAT = dwarf;
				ENABLE_STRICT_OBJC_MSGSEND = YES;
				ENABLE_TESTABILITY = YES;
				ENABLE_USER_SCRIPT_SANDBOXING = YES;
				GCC_C_LANGUAGE_STANDARD = gnu17;
				GCC_DYNAMIC_NO_PIC = NO;
				GCC_NO_COMMON_BLOCKS = YES;
				GCC_OPTIMIZATION_LEVEL = 0;
				GCC_PREPROCESSOR_DEFINITIONS = (
					"DEBUG=1",
					"$(inherited)",
				);
				GCC_WARN_64_TO_32_BIT_CONVERSION = YES;
				GCC_WARN_ABOUT_RETURN_TYPE = YES_ERROR;
				GCC_WARN_UNDECLARED_SELECTOR = YES;
				GCC_WARN_UNINITIALIZED_AUTOS = YES_AGGRESSIVE;
				GCC_WARN_UNUSED_FUNCTION = YES;
				GCC_WARN_UNUSED_VARIABLE = YES;
				IPHONEOS_DEPLOYMENT_TARGET = 17.5;
				LOCALIZATION_PREFERS_STRING_CATALOGS = YES;
				MTL_ENABLE_DEBUG_INFO = INCLUDE_SOURCE;
				MTL_FAST_MATH = YES;
				ONLY_ACTIVE_ARCH = YES;
				SDKROOT = iphoneos;
				SWIFT_ACTIVE_COMPILATION_CONDITIONS = "DEBUG $(inherited)";
				SWIFT_OPTIMIZATION_LEVEL = "-Onone";
			};
			name = Debug;
		};
		4B1F8ECB2C72E29400A365BB /* Release */ = {
			isa = XCBuildConfiguration;
			buildSettings = {
				ALWAYS_SEARCH_USER_PATHS = NO;
				ASSETCATALOG_COMPILER_GENERATE_SWIFT_ASSET_SYMBOL_EXTENSIONS = YES;
				CLANG_ANALYZER_NONNULL = YES;
				CLANG_ANALYZER_NUMBER_OBJECT_CONVERSION = YES_AGGRESSIVE;
				CLANG_CXX_LANGUAGE_STANDARD = "gnu++20";
				CLANG_ENABLE_MODULES = YES;
				CLANG_ENABLE_OBJC_ARC = YES;
				CLANG_ENABLE_OBJC_WEAK = YES;
				CLANG_WARN_BLOCK_CAPTURE_AUTORELEASING = YES;
				CLANG_WARN_BOOL_CONVERSION = YES;
				CLANG_WARN_COMMA = YES;
				CLANG_WARN_CONSTANT_CONVERSION = YES;
				CLANG_WARN_DEPRECATED_OBJC_IMPLEMENTATIONS = YES;
				CLANG_WARN_DIRECT_OBJC_ISA_USAGE = YES_ERROR;
				CLANG_WARN_DOCUMENTATION_COMMENTS = YES;
				CLANG_WARN_EMPTY_BODY = YES;
				CLANG_WARN_ENUM_CONVERSION = YES;
				CLANG_WARN_INFINITE_RECURSION = YES;
				CLANG_WARN_INT_CONVERSION = YES;
				CLANG_WARN_NON_LITERAL_NULL_CONVERSION = YES;
				CLANG_WARN_OBJC_IMPLICIT_RETAIN_SELF = YES;
				CLANG_WARN_OBJC_LITERAL_CONVERSION = YES;
				CLANG_WARN_OBJC_ROOT_CLASS = YES_ERROR;
				CLANG_WARN_QUOTED_INCLUDE_IN_FRAMEWORK_HEADER = YES;
				CLANG_WARN_RANGE_LOOP_ANALYSIS = YES;
				CLANG_WARN_STRICT_PROTOTYPES = YES;
				CLANG_WARN_SUSPICIOUS_MOVE = YES;
				CLANG_WARN_UNGUARDED_AVAILABILITY = YES_AGGRESSIVE;
				CLANG_WARN_UNREACHABLE_CODE = YES;
				CLANG_WARN__DUPLICATE_METHOD_MATCH = YES;
				COPY_PHASE_STRIP = NO;
				DEBUG_INFORMATION_FORMAT = "dwarf-with-dsym";
				ENABLE_NS_ASSERTIONS = NO;
				ENABLE_STRICT_OBJC_MSGSEND = YES;
				ENABLE_USER_SCRIPT_SANDBOXING = YES;
				GCC_C_LANGUAGE_STANDARD = gnu17;
				GCC_NO_COMMON_BLOCKS = YES;
				GCC_WARN_64_TO_32_BIT_CONVERSION = YES;
				GCC_WARN_ABOUT_RETURN_TYPE = YES_ERROR;
				GCC_WARN_UNDECLARED_SELECTOR = YES;
				GCC_WARN_UNINITIALIZED_AUTOS = YES_AGGRESSIVE;
				GCC_WARN_UNUSED_FUNCTION = YES;
				GCC_WARN_UNUSED_VARIABLE = YES;
				IPHONEOS_DEPLOYMENT_TARGET = 17.5;
				LOCALIZATION_PREFERS_STRING_CATALOGS = YES;
				MTL_ENABLE_DEBUG_INFO = NO;
				MTL_FAST_MATH = YES;
				SDKROOT = iphoneos;
				SWIFT_COMPILATION_MODE = wholemodule;
				VALIDATE_PRODUCT = YES;
			};
			name = Release;
		};
		4B1F8ECD2C72E29400A365BB /* Debug */ = {
			isa = XCBuildConfiguration;
			buildSettings = {
				ASSETCATALOG_COMPILER_APPICON_NAME = AppIcon;
				ASSETCATALOG_COMPILER_GLOBAL_ACCENT_COLOR_NAME = AccentColor;
				CODE_SIGN_STYLE = Automatic;
				CURRENT_PROJECT_VERSION = 1;
				DEVELOPMENT_ASSET_PATHS = "\"zoom-monitoring-app-ios/Preview Content\"";
				DEVELOPMENT_TEAM = VMQRF4ZA4R;
				ENABLE_PREVIEWS = YES;
				GENERATE_INFOPLIST_FILE = YES;
				INFOPLIST_KEY_UIApplicationSceneManifest_Generation = YES;
				INFOPLIST_KEY_UIApplicationSupportsIndirectInputEvents = YES;
				INFOPLIST_KEY_UILaunchScreen_Generation = YES;
				INFOPLIST_KEY_UISupportedInterfaceOrientations_iPad = "UIInterfaceOrientationPortrait UIInterfaceOrientationPortraitUpsideDown UIInterfaceOrientationLandscapeLeft UIInterfaceOrientationLandscapeRight";
				INFOPLIST_KEY_UISupportedInterfaceOrientations_iPhone = "UIInterfaceOrientationPortrait UIInterfaceOrientationLandscapeLeft UIInterfaceOrientationLandscapeRight";
				LD_RUNPATH_SEARCH_PATHS = (
					"$(inherited)",
					"@executable_path/Frameworks",
				);
				MARKETING_VERSION = 1.0;
				PRODUCT_BUNDLE_IDENTIFIER = "com.youngs.zoom-monitoring-app-ios";
				PRODUCT_NAME = "$(TARGET_NAME)";
				SWIFT_EMIT_LOC_STRINGS = YES;
				SWIFT_VERSION = 5.0;
				TARGETED_DEVICE_FAMILY = "1,2";
			};
			name = Debug;
		};
		4B1F8ECE2C72E29400A365BB /* Release */ = {
			isa = XCBuildConfiguration;
			buildSettings = {
				ASSETCATALOG_COMPILER_APPICON_NAME = AppIcon;
				ASSETCATALOG_COMPILER_GLOBAL_ACCENT_COLOR_NAME = AccentColor;
				CODE_SIGN_STYLE = Automatic;
				CURRENT_PROJECT_VERSION = 1;
				DEVELOPMENT_ASSET_PATHS = "\"zoom-monitoring-app-ios/Preview Content\"";
				DEVELOPMENT_TEAM = VMQRF4ZA4R;
				ENABLE_PREVIEWS = YES;
				GENERATE_INFOPLIST_FILE = YES;
				INFOPLIST_KEY_UIApplicationSceneManifest_Generation = YES;
				INFOPLIST_KEY_UIApplicationSupportsIndirectInputEvents = YES;
				INFOPLIST_KEY_UILaunchScreen_Generation = YES;
				INFOPLIST_KEY_UISupportedInterfaceOrientations_iPad = "UIInterfaceOrientationPortrait UIInterfaceOrientationPortraitUpsideDown UIInterfaceOrientationLandscapeLeft UIInterfaceOrientationLandscapeRight";
				INFOPLIST_KEY_UISupportedInterfaceOrientations_iPhone = "UIInterfaceOrientationPortrait UIInterfaceOrientationLandscapeLeft UIInterfaceOrientationLandscapeRight";
				LD_RUNPATH_SEARCH_PATHS = (
					"$(inherited)",
					"@executable_path/Frameworks",
				);
				MARKETING_VERSION = 1.0;
				PRODUCT_BUNDLE_IDENTIFIER = "com.youngs.zoom-monitoring-app-ios";
				PRODUCT_NAME = "$(TARGET_NAME)";
				SWIFT_EMIT_LOC_STRINGS = YES;
				SWIFT_VERSION = 5.0;
				TARGETED_DEVICE_FAMILY = "1,2";
			};
			name = Release;
		};
		4B1F8ED02C72E29400A365BB /* Debug */ = {
			isa = XCBuildConfiguration;
			buildSettings = {
				ALWAYS_EMBED_SWIFT_STANDARD_LIBRARIES = YES;
				BUNDLE_LOADER = "$(TEST_HOST)";
				CODE_SIGN_STYLE = Automatic;
				CURRENT_PROJECT_VERSION = 1;
				DEVELOPMENT_TEAM = VMQRF4ZA4R;
				GENERATE_INFOPLIST_FILE = YES;
				IPHONEOS_DEPLOYMENT_TARGET = 17.5;
				MARKETING_VERSION = 1.0;
				PRODUCT_BUNDLE_IDENTIFIER = "com.youngs.zoom-monitoring-app-iosTests";
				PRODUCT_NAME = "$(TARGET_NAME)";
				SWIFT_EMIT_LOC_STRINGS = NO;
				SWIFT_VERSION = 5.0;
				TARGETED_DEVICE_FAMILY = "1,2";
				TEST_HOST = "$(BUILT_PRODUCTS_DIR)/zoom-monitoring-app-ios.app/$(BUNDLE_EXECUTABLE_FOLDER_PATH)/zoom-monitoring-app-ios";
			};
			name = Debug;
		};
		4B1F8ED12C72E29400A365BB /* Release */ = {
			isa = XCBuildConfiguration;
			buildSettings = {
				ALWAYS_EMBED_SWIFT_STANDARD_LIBRARIES = YES;
				BUNDLE_LOADER = "$(TEST_HOST)";
				CODE_SIGN_STYLE = Automatic;
				CURRENT_PROJECT_VERSION = 1;
				DEVELOPMENT_TEAM = VMQRF4ZA4R;
				GENERATE_INFOPLIST_FILE = YES;
				IPHONEOS_DEPLOYMENT_TARGET = 17.5;
				MARKETING_VERSION = 1.0;
				PRODUCT_BUNDLE_IDENTIFIER = "com.youngs.zoom-monitoring-app-iosTests";
				PRODUCT_NAME = "$(TARGET_NAME)";
				SWIFT_EMIT_LOC_STRINGS = NO;
				SWIFT_VERSION = 5.0;
				TARGETED_DEVICE_FAMILY = "1,2";
				TEST_HOST = "$(BUILT_PRODUCTS_DIR)/zoom-monitoring-app-ios.app/$(BUNDLE_EXECUTABLE_FOLDER_PATH)/zoom-monitoring-app-ios";
			};
			name = Release;
		};
		4B1F8ED32C72E29400A365BB /* Debug */ = {
			isa = XCBuildConfiguration;
			buildSettings = {
				ALWAYS_EMBED_SWIFT_STANDARD_LIBRARIES = YES;
				CODE_SIGN_STYLE = Automatic;
				CURRENT_PROJECT_VERSION = 1;
				DEVELOPMENT_TEAM = VMQRF4ZA4R;
				GENERATE_INFOPLIST_FILE = YES;
				MARKETING_VERSION = 1.0;
				PRODUCT_BUNDLE_IDENTIFIER = "com.youngs.zoom-monitoring-app-iosUITests";
				PRODUCT_NAME = "$(TARGET_NAME)";
				SWIFT_EMIT_LOC_STRINGS = NO;
				SWIFT_VERSION = 5.0;
				TARGETED_DEVICE_FAMILY = "1,2";
				TEST_TARGET_NAME = "zoom-monitoring-app-ios";
			};
			name = Debug;
		};
		4B1F8ED42C72E29400A365BB /* Release */ = {
			isa = XCBuildConfiguration;
			buildSettings = {
				ALWAYS_EMBED_SWIFT_STANDARD_LIBRARIES = YES;
				CODE_SIGN_STYLE = Automatic;
				CURRENT_PROJECT_VERSION = 1;
				DEVELOPMENT_TEAM = VMQRF4ZA4R;
				GENERATE_INFOPLIST_FILE = YES;
				MARKETING_VERSION = 1.0;
				PRODUCT_BUNDLE_IDENTIFIER = "com.youngs.zoom-monitoring-app-iosUITests";
				PRODUCT_NAME = "$(TARGET_NAME)";
				SWIFT_EMIT_LOC_STRINGS = NO;
				SWIFT_VERSION = 5.0;
				TARGETED_DEVICE_FAMILY = "1,2";
				TEST_TARGET_NAME = "zoom-monitoring-app-ios";
			};
			name = Release;
		};
/* End XCBuildConfiguration section */

/* Begin XCConfigurationList section */
		4B1F8EA32C72E29300A365BB /* Build configuration list for PBXProject "zoom-monitoring-app-ios" */ = {
			isa = XCConfigurationList;
			buildConfigurations = (
				4B1F8ECA2C72E29400A365BB /* Debug */,
				4B1F8ECB2C72E29400A365BB /* Release */,
			);
			defaultConfigurationIsVisible = 0;
			defaultConfigurationName = Release;
		};
		4B1F8ECC2C72E29400A365BB /* Build configuration list for PBXNativeTarget "zoom-monitoring-app-ios" */ = {
			isa = XCConfigurationList;
			buildConfigurations = (
				4B1F8ECD2C72E29400A365BB /* Debug */,
				4B1F8ECE2C72E29400A365BB /* Release */,
			);
			defaultConfigurationIsVisible = 0;
			defaultConfigurationName = Release;
		};
		4B1F8ECF2C72E29400A365BB /* Build configuration list for PBXNativeTarget "zoom-monitoring-app-iosTests" */ = {
			isa = XCConfigurationList;
			buildConfigurations = (
				4B1F8ED02C72E29400A365BB /* Debug */,
				4B1F8ED12C72E29400A365BB /* Release */,
			);
			defaultConfigurationIsVisible = 0;
			defaultConfigurationName = Release;
		};
		4B1F8ED22C72E29400A365BB /* Build configuration list for PBXNativeTarget "zoom-monitoring-app-iosUITests" */ = {
			isa = XCConfigurationList;
			buildConfigurations = (
				4B1F8ED32C72E29400A365BB /* Debug */,
				4B1F8ED42C72E29400A365BB /* Release */,
			);
			defaultConfigurationIsVisible = 0;
			defaultConfigurationName = Release;
		};
/* End XCConfigurationList section */
	};
	rootObject = 4B1F8EA02C72E29300A365BB /* Project object */;
}
